
Microsoft Visual Studio Solution File, Format Version 12.00
# Visual Studio Version 16
VisualStudioVersion = 16.0.810.17
MinimumVisualStudioVersion = 10.0.40219.1
Project("{FAE04EC0-301F-11D3-BF4B-00C04F79EFBC}") = "MiPrimerApp", "MiPrimerApp\MiPrimerApp.csproj", "{B5C05D8B-8299-4AD8-8DE9-370F6B887C5C}"
EndProject
Global
	GlobalSection(SolutionConfigurationPlatforms) = preSolution
		Debug|Any CPU = Debug|Any CPU
		Release|Any CPU = Release|Any CPU
	EndGlobalSection
	GlobalSection(ProjectConfigurationPlatforms) = postSolution
		{B5C05D8B-8299-4AD8-8DE9-370F6B887C5C}.Debug|Any CPU.ActiveCfg = Debug|Any CPU
		{B5C05D8B-8299-4AD8-8DE9-370F6B887C5C}.Debug|Any CPU.Build.0 = Debug|Any CPU
		{B5C05D8B-8299-4AD8-8DE9-370F6B887C5C}.Release|Any CPU.ActiveCfg = Release|Any CPU
		{B5C05D8B-8299-4AD8-8DE9-370F6B887C5C}.Release|Any CPU.Build.0 = Release|Any CPU
	EndGlobalSection
	GlobalSection(SolutionProperties) = preSolution
		HideSolutionNode = FALSE
	EndGlobalSection
	GlobalSection(ExtensibilityGlobals) = postSolution
		SolutionGuid = {D5A213FC-C024-4520-BABB-3D1410C81FAB}
	EndGlobalSection
EndGlobal
